Microsoft Visual Studio Solution File, Format Version 12.00
# Visual Studio Version 17
VisualStudioVersion = 17.5.2.0
MinimumVisualStudioVersion = 10.0.40219.1
Project("{FAE04EC0-301F-11D3-BF4B-00C04F79EFBC}") = "backend_ont_2", "backend_ont_2.csproj", "{44189A7D-9964-BD51-16CD-77F465A11EDA}"
EndProject
Global
	GlobalSection(SolutionConfigurationPlatforms) = preSolution
		Debug|Any CPU = Debug|Any CPU
		Release|Any CPU = Release|Any CPU
	EndGlobalSection
	GlobalSection(ProjectConfigurationPlatforms) = postSolution
		{44189A7D-9964-BD51-16CD-77F465A11EDA}.Debug|Any CPU.ActiveCfg = Debug|Any CPU
		{44189A7D-9964-BD51-16CD-77F465A11EDA}.Debug|Any CPU.Build.0 = Debug|Any CPU
		{44189A7D-9964-BD51-16CD-77F465A11EDA}.Release|Any CPU.ActiveCfg = Release|Any CPU
		{44189A7D-9964-BD51-16CD-77F465A11EDA}.Release|Any CPU.Build.0 = Release|Any CPU
	EndGlobalSection
	GlobalSection(SolutionProperties) = preSolution
		HideSolutionNode = FALSE
	EndGlobalSection
	GlobalSection(ExtensibilityGlobals) = postSolution
		SolutionGuid = {076B29B7-22EF-4F62-A5CB-4CF607300815}
	EndGlobalSection
EndGlobal
